
Microsoft Visual Studio Solution File, Format Version 12.00
# Visual Studio Version 16
VisualStudioVersion = 16.0.31019.35
MinimumVisualStudioVersion = 10.0.40219.1
Project("{FAE04EC0-301F-11D3-BF4B-00C04F79EFBC}") = "CSVParsing", "CSVParsing.csproj", "{61D5A7BE-04B4-433D-827A-E76AD2F0EDE5}"
EndProject
Global
	GlobalSection(SolutionConfigurationPlatforms) = preSolution
		Debug|Any CPU = Debug|Any CPU
		Release|Any CPU = Release|Any CPU
	EndGlobalSection
	GlobalSection(ProjectConfigurationPlatforms) = postSolution
		{61D5A7BE-04B4-433D-827A-E76AD2F0EDE5}.Debug|Any CPU.ActiveCfg = Debug|Any CPU
		{61D5A7BE-04B4-433D-827A-E76AD2F0EDE5}.Debug|Any CPU.Build.0 = Debug|Any CPU
		{61D5A7BE-04B4-433D-827A-E76AD2F0EDE5}.Release|Any CPU.ActiveCfg = Release|Any CPU
		{61D5A7BE-04B4-433D-827A-E76AD2F0EDE5}.Release|Any CPU.Build.0 = Release|Any CPU
	EndGlobalSection
	GlobalSection(SolutionProperties) = preSolution
		HideSolutionNode = FALSE
	EndGlobalSection
	GlobalSection(ExtensibilityGlobals) = postSolution
		SolutionGuid = {BA0CABBE-592F-42D3-851E-4D6E43869D89}
	EndGlobalSection
EndGlobal
